// !$*UTF8*$!
{
	archiveVersion = 1;
	classes = {
	};
	objectVersion = 50;
	objects = {

/* Begin PBXBuildFile section */
		3417710526D7544C00108680 /* AppDelegate.swift in Sources */ = {isa = PBXBuildFile; fileRef = 3417710426D7544C00108680 /* AppDelegate.swift */; };
		3417710726D7544C00108680 /* SceneDelegate.swift in Sources */ = {isa = PBXBuildFile; fileRef = 3417710626D7544C00108680 /* SceneDelegate.swift */; };
		3417710926D7544C00108680 /* ViewController.swift in Sources */ = {isa = PBXBuildFile; fileRef = 3417710826D7544C00108680 /* ViewController.swift */; };
		3417710C26D7544C00108680 /* Main.storyboard in Resources */ = {isa = PBXBuildFile; fileRef = 3417710A26D7544C00108680 /* Main.storyboard */; };
		3417710E26D7545500108680 /* Assets.xcassets in Resources */ = {isa = PBXBuildFile; fileRef = 3417710D26D7545500108680 /* Assets.xcassets */; };
		3417711126D7545500108680 /* LaunchScreen.storyboard in Resources */ = {isa = PBXBuildFile; fileRef = 3417710F26D7545500108680 /* LaunchScreen.storyboard */; };
		3417711A26D7549800108680 /* LottoMachine.swift in Sources */ = {isa = PBXBuildFile; fileRef = 3417711926D7549800108680 /* LottoMachine.swift */; };
		3417711D26D7643400108680 /* StrangeCalculator.swift in Sources */ = {isa = PBXBuildFile; fileRef = 3417711C26D7643400108680 /* StrangeCalculator.swift */; };
		3417712726D7647B00108680 /* LottoMachinTests.swift in Sources */ = {isa = PBXBuildFile; fileRef = 3417712626D7647B00108680 /* LottoMachinTests.swift */; };
		3417715526D785E100108680 /* StrangeCalculatorTests.swift in Sources */ = {isa = PBXBuildFile; fileRef = 3417715426D785E100108680 /* StrangeCalculatorTests.swift */; };
/* End PBXBuildFile section */

/* Begin PBXContainerItemProxy section */
		3417712926D7647B00108680 /* PBXContainerItemProxy */ = {
			isa = PBXContainerItemProxy;
			containerPortal = 341770F926D7544C00108680 /* Project object */;
			proxyType = 1;
			remoteGlobalIDString = 3417710026D7544C00108680;
			remoteInfo = UnitTestSample;
		};
		341771CD26E09A5E00108680 /* PBXContainerItemProxy */ = {
			isa = PBXContainerItemProxy;
			containerPortal = 341770F926D7544C00108680 /* Project object */;
			proxyType = 1;
			remoteGlobalIDString = 3417710026D7544C00108680;
			remoteInfo = UnitTestSample;
		};
/* End PBXContainerItemProxy section */

/* Begin PBXFileReference section */
		3417710126D7544C00108680 /* UnitTestSample.app */ = {isa = PBXFileReference; explicitFileType = wrapper.application; includeInIndex = 0; path = UnitTestSample.app; sourceTree = BUILT_PRODUCTS_DIR; };
		3417710426D7544C00108680 /* AppDelegate.swift */ = {isa = PBXFileReference; lastKnownFileType = sourcecode.swift; path = AppDelegate.swift; sourceTree = "<group>"; };
		3417710626D7544C00108680 /* SceneDelegate.swift */ = {isa = PBXFileReference; lastKnownFileType = sourcecode.swift; path = SceneDelegate.swift; sourceTree = "<group>"; };
		3417710826D7544C00108680 /* ViewController.swift */ = {isa = PBXFileReference; lastKnownFileType = sourcecode.swift; path = ViewController.swift; sourceTree = "<group>"; };
		3417710B26D7544C00108680 /* Base */ = {isa = PBXFileReference; lastKnownFileType = file.storyboard; name = Base; path = Base.lproj/Main.storyboard; sourceTree = "<group>"; };
		3417710D26D7545500108680 /* Assets.xcassets */ = {isa = PBXFileReference; lastKnownFileType = folder.assetcatalog; path = Assets.xcassets; sourceTree = "<group>"; };
		3417711026D7545500108680 /* Base */ = {isa = PBXFileReference; lastKnownFileType = file.storyboard; name = Base; path = Base.lproj/LaunchScreen.storyboard; sourceTree = "<group>"; };
		3417711226D7545500108680 /* Info.plist */ = {isa = PBXFileReference; lastKnownFileType = text.plist.xml; path = Info.plist; sourceTree = "<group>"; };
		3417711926D7549800108680 /* LottoMachine.swift */ = {isa = PBXFileReference; lastKnownFileType = sourcecode.swift; path = LottoMachine.swift; sourceTree = "<group>"; };
		3417711C26D7643400108680 /* StrangeCalculator.swift */ = {isa = PBXFileReference; lastKnownFileType = sourcecode.swift; path = StrangeCalculator.swift; sourceTree = "<group>"; };
		3417712426D7647B00108680 /* LottoMachinTests.xctest */ = {isa = PBXFileReference; explicitFileType = wrapper.cfbundle; includeInIndex = 0; path = LottoMachinTests.xctest; sourceTree = BUILT_PRODUCTS_DIR; };
		3417712626D7647B00108680 /* LottoMachinTests.swift */ = {isa = PBXFileReference; lastKnownFileType = sourcecode.swift; path = LottoMachinTests.swift; sourceTree = "<group>"; };
		3417712826D7647B00108680 /* Info.plist */ = {isa = PBXFileReference; lastKnownFileType = text.plist.xml; path = Info.plist; sourceTree = "<group>"; };
		3417715426D785E100108680 /* StrangeCalculatorTests.swift */ = {isa = PBXFileReference; lastKnownFileType = sourcecode.swift; path = StrangeCalculatorTests.swift; sourceTree = "<group>"; };
		341771C826E09A5E00108680 /* StrangeCalculatorTests.xctest */ = {isa = PBXFileReference; explicitFileType = wrapper.cfbundle; includeInIndex = 0; path = StrangeCalculatorTests.xctest; sourceTree = BUILT_PRODUCTS_DIR; };
		341771CC26E09A5E00108680 /* Info.plist */ = {isa = PBXFileReference; lastKnownFileType = text.plist.xml; path = Info.plist; sourceTree = "<group>"; };
/* End PBXFileReference section */

/* Begin PBXFrameworksBuildPhase section */
		341770FE26D7544C00108680 /* Frameworks */ = {
			isa = PBXFrameworksBuildPhase;
			buildActionMask = 2147483647;
			files = (
			);
			runOnlyForDeploymentPostprocessing = 0;
		};
		3417712126D7647B00108680 /* Frameworks */ = {
			isa = PBXFrameworksBuildPhase;
			buildActionMask = 2147483647;
			files = (
			);
			runOnlyForDeploymentPostprocessing = 0;
		};
		341771C526E09A5E00108680 /* Frameworks */ = {
			isa = PBXFrameworksBuildPhase;
			buildActionMask = 2147483647;
			files = (
			);
			runOnlyForDeploymentPostprocessing = 0;
		};
/* End PBXFrameworksBuildPhase section */

/* Begin PBXGroup section */
		341770F826D7544C00108680 = {
			isa = PBXGroup;
			children = (
				3417710326D7544C00108680 /* UnitTestSample */,
				341771C926E09A5E00108680 /* StrangeCalculatorTests */,
				3417712526D7647B00108680 /* LottoMachinTests */,
				3417710226D7544C00108680 /* Products */,
			);
			sourceTree = "<group>";
		};
		3417710226D7544C00108680 /* Products */ = {
			isa = PBXGroup;
			children = (
				3417710126D7544C00108680 /* UnitTestSample.app */,
				3417712426D7647B00108680 /* LottoMachinTests.xctest */,
				341771C826E09A5E00108680 /* StrangeCalculatorTests.xctest */,
			);
			name = Products;
			sourceTree = "<group>";
		};
		3417710326D7544C00108680 /* UnitTestSample */ = {
			isa = PBXGroup;
			children = (
				3417711F26D7644F00108680 /* Sample */,
				3417710426D7544C00108680 /* AppDelegate.swift */,
				3417710626D7544C00108680 /* SceneDelegate.swift */,
				3417710826D7544C00108680 /* ViewController.swift */,
				3417710A26D7544C00108680 /* Main.storyboard */,
				3417710D26D7545500108680 /* Assets.xcassets */,
				3417710F26D7545500108680 /* LaunchScreen.storyboard */,
				3417711226D7545500108680 /* Info.plist */,
			);
			path = UnitTestSample;
			sourceTree = "<group>";
		};
		3417711F26D7644F00108680 /* Sample */ = {
			isa = PBXGroup;
			children = (
				3417711926D7549800108680 /* LottoMachine.swift */,
				3417711C26D7643400108680 /* StrangeCalculator.swift */,
			);
			path = Sample;
			sourceTree = "<group>";
		};
		3417712526D7647B00108680 /* LottoMachinTests */ = {
			isa = PBXGroup;
			children = (
				3417712626D7647B00108680 /* LottoMachinTests.swift */,
				3417712826D7647B00108680 /* Info.plist */,
			);
			path = LottoMachinTests;
			sourceTree = "<group>";
		};
		341771C926E09A5E00108680 /* StrangeCalculatorTests */ = {
			isa = PBXGroup;
			children = (
				3417715426D785E100108680 /* StrangeCalculatorTests.swift */,
				341771CC26E09A5E00108680 /* Info.plist */,
			);
			path = StrangeCalculatorTests;
			sourceTree = "<group>";
		};
/* End PBXGroup section */

/* Begin PBXNativeTarget section */
		3417710026D7544C00108680 /* UnitTestSample */ = {
			isa = PBXNativeTarget;
			buildConfigurationList = 3417711526D7545500108680 /* Build configuration list for PBXNativeTarget "UnitTestSample" */;
			buildPhases = (
				341770FD26D7544C00108680 /* Sources */,
				341770FE26D7544C00108680 /* Frameworks */,
				341770FF26D7544C00108680 /* Resources */,
			);
			buildRules = (
			);
			dependencies = (
			);
			name = UnitTestSample;
			productName = UnitTestSample;
			productReference = 3417710126D7544C00108680 /* UnitTestSample.app */;
			productType = "com.apple.product-type.application";
		};
		3417712326D7647B00108680 /* LottoMachinTests */ = {
			isa = PBXNativeTarget;
			buildConfigurationList = 3417712B26D7647B00108680 /* Build configuration list for PBXNativeTarget "LottoMachinTests" */;
			buildPhases = (
				3417712026D7647B00108680 /* Sources */,
				3417712126D7647B00108680 /* Frameworks */,
				3417712226D7647B00108680 /* Resources */,
			);
			buildRules = (
			);
			dependencies = (
				3417712A26D7647B00108680 /* PBXTargetDependency */,
			);
			name = LottoMachinTests;
			productName = LottoMachinTests;
			productReference = 3417712426D7647B00108680 /* LottoMachinTests.xctest */;
			productType = "com.apple.product-type.bundle.unit-test";
		};
		341771C726E09A5E00108680 /* StrangeCalculatorTests */ = {
			isa = PBXNativeTarget;
			buildConfigurationList = 341771D126E09A5E00108680 /* Build configuration list for PBXNativeTarget "StrangeCalculatorTests" */;
			buildPhases = (
				341771C426E09A5E00108680 /* Sources */,
				341771C526E09A5E00108680 /* Frameworks */,
				341771C626E09A5E00108680 /* Resources */,
			);
			buildRules = (
			);
			dependencies = (
				341771CE26E09A5E00108680 /* PBXTargetDependency */,
			);
			name = StrangeCalculatorTests;
			productName = StrangeCalculatorTests;
			productReference = 341771C826E09A5E00108680 /* StrangeCalculatorTests.xctest */;
			productType = "com.apple.product-type.bundle.unit-test";
		};
/* End PBXNativeTarget section */

/* Begin PBXProject section */
		341770F926D7544C00108680 /* Project object */ = {
			isa = PBXProject;
			attributes = {
				LastSwiftUpdateCheck = 1240;
				LastUpgradeCheck = 1240;
				TargetAttributes = {
					3417710026D7544C00108680 = {
						CreatedOnToolsVersion = 12.4;
					};
					3417712326D7647B00108680 = {
						CreatedOnToolsVersion = 12.4;
						TestTargetID = 3417710026D7544C00108680;
					};
					341771C726E09A5E00108680 = {
						CreatedOnToolsVersion = 12.4;
						TestTargetID = 3417710026D7544C00108680;
					};
				};
			};
			buildConfigurationList = 341770FC26D7544C00108680 /* Build configuration list for PBXProject "UnitTestSample" */;
			compatibilityVersion = "Xcode 9.3";
			developmentRegion = en;
			hasScannedForEncodings = 0;
			knownRegions = (
				en,
				Base,
			);
			mainGroup = 341770F826D7544C00108680;
			productRefGroup = 3417710226D7544C00108680 /* Products */;
			projectDirPath = "";
			projectRoot = "";
			targets = (
				3417710026D7544C00108680 /* UnitTestSample */,
				3417712326D7647B00108680 /* LottoMachinTests */,
				341771C726E09A5E00108680 /* StrangeCalculatorTests */,
			);
		};
/* End PBXProject section */

/* Begin PBXResourcesBuildPhase section */
		341770FF26D7544C00108680 /* Resources */ = {
			isa = PBXResourcesBuildPhase;
			buildActionMask = 2147483647;
			files = (
				3417711126D7545500108680 /* LaunchScreen.storyboard in Resources */,
				3417710E26D7545500108680 /* Assets.xcassets in Resources */,
				3417710C26D7544C00108680 /* Main.storyboard in Resources */,
			);
			runOnlyForDeploymentPostprocessing = 0;
		};
		3417712226D7647B00108680 /* Resources */ = {
			isa = PBXResourcesBuildPhase;
			buildActionMask = 2147483647;
			files = (
			);
			runOnlyForDeploymentPostprocessing = 0;
		};
		341771C626E09A5E00108680 /* Resources */ = {
			isa = PBXResourcesBuildPhase;
			buildActionMask = 2147483647;
			files = (
			);
			runOnlyForDeploymentPostprocessing = 0;
		};
/* End PBXResourcesBuildPhase section */

/* Begin PBXSourcesBuildPhase section */
		341770FD26D7544C00108680 /* Sources */ = {
			isa = PBXSourcesBuildPhase;
			buildActionMask = 2147483647;
			files = (
				3417711A26D7549800108680 /* LottoMachine.swift in Sources */,
				3417710926D7544C00108680 /* ViewController.swift in Sources */,
				3417710526D7544C00108680 /* AppDelegate.swift in Sources */,
				3417711D26D7643400108680 /* StrangeCalculator.swift in Sources */,
				3417710726D7544C00108680 /* SceneDelegate.swift in Sources */,
			);
			runOnlyForDeploymentPostprocessing = 0;
		};
		3417712026D7647B00108680 /* Sources */ = {
			isa = PBXSourcesBuildPhase;
			buildActionMask = 2147483647;
			files = (
				3417715526D785E100108680 /* StrangeCalculatorTests.swift in Sources */,
				3417712726D7647B00108680 /* LottoMachinTests.swift in Sources */,
			);
			runOnlyForDeploymentPostprocessing = 0;
		};
		341771C426E09A5E00108680 /* Sources */ = {
			isa = PBXSourcesBuildPhase;
			buildActionMask = 2147483647;
			files = (
			);
			runOnlyForDeploymentPostprocessing = 0;
		};
/* End PBXSourcesBuildPhase section */

/* Begin PBXTargetDependency section */
		3417712A26D7647B00108680 /* PBXTargetDependency */ = {
			isa = PBXTargetDependency;
			target = 3417710026D7544C00108680 /* UnitTestSample */;
			targetProxy = 3417712926D7647B00108680 /* PBXContainerItemProxy */;
		};
		341771CE26E09A5E00108680 /* PBXTargetDependency */ = {
			isa = PBXTargetDependency;
			target = 3417710026D7544C00108680 /* UnitTestSample */;
			targetProxy = 341771CD26E09A5E00108680 /* PBXContainerItemProxy */;
		};
/* End PBXTargetDependency section */

/* Begin PBXVariantGroup section */
		3417710A26D7544C00108680 /* Main.storyboard */ = {
			isa = PBXVariantGroup;
			children = (
				3417710B26D7544C00108680 /* Base */,
			);
			name = Main.storyboard;
			sourceTree = "<group>";
		};
		3417710F26D7545500108680 /* LaunchScreen.storyboard */ = {
			isa = PBXVariantGroup;
			children = (
				3417711026D7545500108680 /* Base */,
			);
			name = LaunchScreen.storyboard;
			sourceTree = "<group>";
		};
/* End PBXVariantGroup section */

/* Begin XCBuildConfiguration section */
		3417711326D7545500108680 /* Debug */ = {
			isa = XCBuildConfiguration;
			buildSettings = {
				ALWAYS_SEARCH_USER_PATHS = NO;
				CLANG_ANALYZER_NONNULL = YES;
				CLANG_ANALYZER_NUMBER_OBJECT_CONVERSION = YES_AGGRESSIVE;
				CLANG_CXX_LANGUAGE_STANDARD = "gnu++14";
				CLANG_CXX_LIBRARY = "libc++";
				CLANG_ENABLE_MODULES = YES;
				CLANG_ENABLE_OBJC_ARC = YES;
				CLANG_ENABLE_OBJC_WEAK = YES;
				CLANG_WARN_BLOCK_CAPTURE_AUTORELEASING = YES;
				CLANG_WARN_BOOL_CONVERSION = YES;
				CLANG_WARN_COMMA = YES;
				CLANG_WARN_CONSTANT_CONVERSION = YES;
				CLANG_WARN_DEPRECATED_OBJC_IMPLEMENTATIONS = YES;
				CLANG_WARN_DIRECT_OBJC_ISA_USAGE = YES_ERROR;
				CLANG_WARN_DOCUMENTATION_COMMENTS = YES;
				CLANG_WARN_EMPTY_BODY = YES;
				CLANG_WARN_ENUM_CONVERSION = YES;
				CLANG_WARN_INFINITE_RECURSION = YES;
				CLANG_WARN_INT_CONVERSION = YES;
				CLANG_WARN_NON_LITERAL_NULL_CONVERSION = YES;
				CLANG_WARN_OBJC_IMPLICIT_RETAIN_SELF = YES;
				CLANG_WARN_OBJC_LITERAL_CONVERSION = YES;
				CLANG_WARN_OBJC_ROOT_CLASS = YES_ERROR;
				CLANG_WARN_QUOTED_INCLUDE_IN_FRAMEWORK_HEADER = YES;
				CLANG_WARN_RANGE_LOOP_ANALYSIS = YES;
				CLANG_WARN_STRICT_PROTOTYPES = YES;
				CLANG_WARN_SUSPICIOUS_MOVE = YES;
				CLANG_WARN_UNGUARDED_AVAILABILITY = YES_AGGRESSIVE;
				CLANG_WARN_UNREACHABLE_CODE = YES;
				CLANG_WARN__DUPLICATE_METHOD_MATCH = YES;
				COPY_PHASE_STRIP = NO;
				DEBUG_INFORMATION_FORMAT = dwarf;
				ENABLE_STRICT_OBJC_MSGSEND = YES;
				ENABLE_TESTABILITY = YES;
				GCC_C_LANGUAGE_STANDARD = gnu11;
				GCC_DYNAMIC_NO_PIC = NO;
				GCC_NO_COMMON_BLOCKS = YES;
				GCC_OPTIMIZATION_LEVEL = 0;
				GCC_PREPROCESSOR_DEFINITIONS = (
					"DEBUG=1",
					"$(inherited)",
				);
				GCC_WARN_64_TO_32_BIT_CONVERSION = YES;
				GCC_WARN_ABOUT_RETURN_TYPE = YES_ERROR;
				GCC_WARN_UNDECLARED_SELECTOR = YES;
				GCC_WARN_UNINITIALIZED_AUTOS = YES_AGGRESSIVE;
				GCC_WARN_UNUSED_FUNCTION = YES;
				GCC_WARN_UNUSED_VARIABLE = YES;
				IPHONEOS_DEPLOYMENT_TARGET = 14.4;
				MTL_ENABLE_DEBUG_INFO = INCLUDE_SOURCE;
				MTL_FAST_MATH = YES;
				ONLY_ACTIVE_ARCH = YES;
				SDKROOT = iphoneos;
				SWIFT_ACTIVE_COMPILATION_CONDITIONS = DEBUG;
				SWIFT_OPTIMIZATION_LEVEL = "-Onone";
			};
			name = Debug;
		};
		3417711426D7545500108680 /* Release */ = {
			isa = XCBuildConfiguration;
			buildSettings = {
				ALWAYS_SEARCH_USER_PATHS = NO;
				CLANG_ANALYZER_NONNULL = YES;
				CLANG_ANALYZER_NUMBER_OBJECT_CONVERSION = YES_AGGRESSIVE;
				CLANG_CXX_LANGUAGE_STANDARD = "gnu++14";
				CLANG_CXX_LIBRARY = "libc++";
				CLANG_ENABLE_MODULES = YES;
				CLANG_ENABLE_OBJC_ARC = YES;
				CLANG_ENABLE_OBJC_WEAK = YES;
				CLANG_WARN_BLOCK_CAPTURE_AUTORELEASING = YES;
				CLANG_WARN_BOOL_CONVERSION = YES;
				CLANG_WARN_COMMA = YES;
				CLANG_WARN_CONSTANT_CONVERSION = YES;
				CLANG_WARN_DEPRECATED_OBJC_IMPLEMENTATIONS = YES;
				CLANG_WARN_DIRECT_OBJC_ISA_USAGE = YES_ERROR;
				CLANG_WARN_DOCUMENTATION_COMMENTS = YES;
				CLANG_WARN_EMPTY_BODY = YES;
				CLANG_WARN_ENUM_CONVERSION = YES;
				CLANG_WARN_INFINITE_RECURSION = YES;
				CLANG_WARN_INT_CONVERSION = YES;
				CLANG_WARN_NON_LITERAL_NULL_CONVERSION = YES;
				CLANG_WARN_OBJC_IMPLICIT_RETAIN_SELF = YES;
				CLANG_WARN_OBJC_LITERAL_CONVERSION = YES;
				CLANG_WARN_OBJC_ROOT_CLASS = YES_ERROR;
				CLANG_WARN_QUOTED_INCLUDE_IN_FRAMEWORK_HEADER = YES;
				CLANG_WARN_RANGE_LOOP_ANALYSIS = YES;
				CLANG_WARN_STRICT_PROTOTYPES = YES;
				CLANG_WARN_SUSPICIOUS_MOVE = YES;
				CLANG_WARN_UNGUARDED_AVAILABILITY = YES_AGGRESSIVE;
				CLANG_WARN_UNREACHABLE_CODE = YES;
				CLANG_WARN__DUPLICATE_METHOD_MATCH = YES;
				COPY_PHASE_STRIP = NO;
				DEBUG_INFORMATION_FORMAT = "dwarf-with-dsym";
				ENABLE_NS_ASSERTIONS = NO;
				ENABLE_STRICT_OBJC_MSGSEND = YES;
				GCC_C_LANGUAGE_STANDARD = gnu11;
				GCC_NO_COMMON_BLOCKS = YES;
				GCC_WARN_64_TO_32_BIT_CONVERSION = YES;
				GCC_WARN_ABOUT_RETURN_TYPE = YES_ERROR;
				GCC_WARN_UNDECLARED_SELECTOR = YES;
				GCC_WARN_UNINITIALIZED_AUTOS = YES_AGGRESSIVE;
				GCC_WARN_UNUSED_FUNCTION = YES;
				GCC_WARN_UNUSED_VARIABLE = YES;
				IPHONEOS_DEPLOYMENT_TARGET = 14.4;
				MTL_ENABLE_DEBUG_INFO = NO;
				MTL_FAST_MATH = YES;
				SDKROOT = iphoneos;
				SWIFT_COMPILATION_MODE = wholemodule;
				SWIFT_OPTIMIZATION_LEVEL = "-O";
				VALIDATE_PRODUCT = YES;
			};
			name = Release;
		};
		3417711626D7545500108680 /* Debug */ = {
			isa = XCBuildConfiguration;
			buildSettings = {
				ASSETCATALOG_COMPILER_APPICON_NAME = AppIcon;
				ASSETCATALOG_COMPILER_GLOBAL_ACCENT_COLOR_NAME = AccentColor;
				CODE_SIGN_STYLE = Automatic;
				INFOPLIST_FILE = UnitTestSample/Info.plist;
				LD_RUNPATH_SEARCH_PATHS = (
					"$(inherited)",
					"@executable_path/Frameworks",
				);
				PRODUCT_BUNDLE_IDENTIFIER = odongnamu.UnitTestSample;
				PRODUCT_NAME = "$(TARGET_NAME)";
				SWIFT_VERSION = 5.0;
				TARGETED_DEVICE_FAMILY = "1,2";
			};
			name = Debug;
		};
		3417711726D7545500108680 /* Release */ = {
			isa = XCBuildConfiguration;
			buildSettings = {
				ASSETCATALOG_COMPILER_APPICON_NAME = AppIcon;
				ASSETCATALOG_COMPILER_GLOBAL_ACCENT_COLOR_NAME = AccentColor;
				CODE_SIGN_STYLE = Automatic;
				INFOPLIST_FILE = UnitTestSample/Info.plist;
				LD_RUNPATH_SEARCH_PATHS = (
					"$(inherited)",
					"@executable_path/Frameworks",
				);
				PRODUCT_BUNDLE_IDENTIFIER = odongnamu.UnitTestSample;
				PRODUCT_NAME = "$(TARGET_NAME)";
				SWIFT_VERSION = 5.0;
				TARGETED_DEVICE_FAMILY = "1,2";
			};
			name = Release;
		};
		3417712C26D7647B00108680 /* Debug */ = {
			isa = XCBuildConfiguration;
			buildSettings = {
				BUNDLE_LOADER = "$(TEST_HOST)";
				CODE_SIGN_STYLE = Automatic;
				INFOPLIST_FILE = LottoMachinTests/Info.plist;
				LD_RUNPATH_SEARCH_PATHS = (
					"$(inherited)",
					"@executable_path/Frameworks",
					"@loader_path/Frameworks",
				);
				PRODUCT_BUNDLE_IDENTIFIER = odongnamu.LottoMachinTests;
				PRODUCT_NAME = "$(TARGET_NAME)";
				SWIFT_VERSION = 5.0;
				TARGETED_DEVICE_FAMILY = "1,2";
				TEST_HOST = "$(BUILT_PRODUCTS_DIR)/UnitTestSample.app/UnitTestSample";
			};
			name = Debug;
		};
		3417712D26D7647B00108680 /* Release */ = {
			isa = XCBuildConfiguration;
			buildSettings = {
				BUNDLE_LOADER = "$(TEST_HOST)";
				CODE_SIGN_STYLE = Automatic;
				INFOPLIST_FILE = LottoMachinTests/Info.plist;
				LD_RUNPATH_SEARCH_PATHS = (
					"$(inherited)",
					"@executable_path/Frameworks",
					"@loader_path/Frameworks",
				);
				PRODUCT_BUNDLE_IDENTIFIER = odongnamu.LottoMachinTests;
				PRODUCT_NAME = "$(TARGET_NAME)";
				SWIFT_VERSION = 5.0;
				TARGETED_DEVICE_FAMILY = "1,2";
				TEST_HOST = "$(BUILT_PRODUCTS_DIR)/UnitTestSample.app/UnitTestSample";
			};
			name = Release;
		};
		341771CF26E09A5E00108680 /* Debug */ = {
			isa = XCBuildConfiguration;
			buildSettings = {
				BUNDLE_LOADER = "$(TEST_HOST)";
				CODE_SIGN_STYLE = Automatic;
				INFOPLIST_FILE = StrangeCalculatorTests/Info.plist;
				LD_RUNPATH_SEARCH_PATHS = (
					"$(inherited)",
					"@executable_path/Frameworks",
					"@loader_path/Frameworks",
				);
				PRODUCT_BUNDLE_IDENTIFIER = odongnamu.StrangeCalculatorTests;
				PRODUCT_NAME = "$(TARGET_NAME)";
				SWIFT_VERSION = 5.0;
				TARGETED_DEVICE_FAMILY = "1,2";
				TEST_HOST = "$(BUILT_PRODUCTS_DIR)/UnitTestSample.app/UnitTestSample";
			};
			name = Debug;
		};
		341771D026E09A5E00108680 /* Release */ = {
			isa = XCBuildConfiguration;
			buildSettings = {
				BUNDLE_LOADER = "$(TEST_HOST)";
				CODE_SIGN_STYLE = Automatic;
				INFOPLIST_FILE = StrangeCalculatorTests/Info.plist;
				LD_RUNPATH_SEARCH_PATHS = (
					"$(inherited)",
					"@executable_path/Frameworks",
					"@loader_path/Frameworks",
				);
				PRODUCT_BUNDLE_IDENTIFIER = odongnamu.StrangeCalculatorTests;
				PRODUCT_NAME = "$(TARGET_NAME)";
				SWIFT_VERSION = 5.0;
				TARGETED_DEVICE_FAMILY = "1,2";
				TEST_HOST = "$(BUILT_PRODUCTS_DIR)/UnitTestSample.app/UnitTestSample";
			};
			name = Release;
		};
/* End XCBuildConfiguration section */

/* Begin XCConfigurationList section */
		341770FC26D7544C00108680 /* Build configuration list for PBXProject "UnitTestSample" */ = {
			isa = XCConfigurationList;
			buildConfigurations = (
				3417711326D7545500108680 /* Debug */,
				3417711426D7545500108680 /* Release */,
			);
			defaultConfigurationIsVisible = 0;
			defaultConfigurationName = Release;
		};
		3417711526D7545500108680 /* Build configuration list for PBXNativeTarget "UnitTestSample" */ = {
			isa = XCConfigurationList;
			buildConfigurations = (
				3417711626D7545500108680 /* Debug */,
				3417711726D7545500108680 /* Release */,
			);
			defaultConfigurationIsVisible = 0;
			defaultConfigurationName = Release;
		};
		3417712B26D7647B00108680 /* Build configuration list for PBXNativeTarget "LottoMachinTests" */ = {
			isa = XCConfigurationList;
			buildConfigurations = (
				3417712C26D7647B00108680 /* Debug */,
				3417712D26D7647B00108680 /* Release */,
			);
			defaultConfigurationIsVisible = 0;
			defaultConfigurationName = Release;
		};
		341771D126E09A5E00108680 /* Build configuration list for PBXNativeTarget "StrangeCalculatorTests" */ = {
			isa = XCConfigurationList;
			buildConfigurations = (
				341771CF26E09A5E00108680 /* Debug */,
				341771D026E09A5E00108680 /* Release */,
			);
			defaultConfigurationIsVisible = 0;
			defaultConfigurationName = Release;
		};
/* End XCConfigurationList section */
	};
	rootObject = 341770F926D7544C00108680 /* Project object */;
}
